
Microsoft Visual Studio Solution File, Format Version 12.00
# Visual Studio Version 16
VisualStudioVersion = 16.0.32106.194
MinimumVisualStudioVersion = 10.0.40219.1
Project("{9A19103F-16F7-4668-BE54-9A1E7A4F7556}") = "LandisGyrExercise", "LandisGyrExercise\LandisGyrExercise.csproj", "{2D859FC3-1AB9-45AA-B843-7AE6E70AD59E}"
EndProject
Project("{FAE04EC0-301F-11D3-BF4B-00C04F79EFBC}") = "LandisGyrExerciseTests", "LandisGyrExerciseTests\LandisGyrExerciseTests.csproj", "{C783DC66-432D-4BBC-A22A-2F443A2E6C0B}"
EndProject
Global
	GlobalSection(SolutionConfigurationPlatforms) = preSolution
		Debug|Any CPU = Debug|Any CPU
		Release|Any CPU = Release|Any CPU
	EndGlobalSection
	GlobalSection(ProjectConfigurationPlatforms) = postSolution
		{2D859FC3-1AB9-45AA-B843-7AE6E70AD59E}.Debug|Any CPU.ActiveCfg = Debug|Any CPU
		{2D859FC3-1AB9-45AA-B843-7AE6E70AD59E}.Debug|Any CPU.Build.0 = Debug|Any CPU
		{2D859FC3-1AB9-45AA-B843-7AE6E70AD59E}.Release|Any CPU.ActiveCfg = Release|Any CPU
		{2D859FC3-1AB9-45AA-B843-7AE6E70AD59E}.Release|Any CPU.Build.0 = Release|Any CPU
		{C783DC66-432D-4BBC-A22A-2F443A2E6C0B}.Debug|Any CPU.ActiveCfg = Debug|Any CPU
		{C783DC66-432D-4BBC-A22A-2F443A2E6C0B}.Debug|Any CPU.Build.0 = Debug|Any CPU
		{C783DC66-432D-4BBC-A22A-2F443A2E6C0B}.Release|Any CPU.ActiveCfg = Release|Any CPU
		{C783DC66-432D-4BBC-A22A-2F443A2E6C0B}.Release|Any CPU.Build.0 = Release|Any CPU
	EndGlobalSection
	GlobalSection(SolutionProperties) = preSolution
		HideSolutionNode = FALSE
	EndGlobalSection
	GlobalSection(ExtensibilityGlobals) = postSolution
		SolutionGuid = {F7FD1507-3079-4C84-B619-E6BD0304F36A}
	EndGlobalSection
EndGlobal
